Microsoft Visual Studio Solution File, Format Version 11.00
# Visual Studio 2008

Project("{510E7B0E-AD27-8E7F-D650-853F52B8BD72}") = "chickenbreeding", "Assembly-CSharp.csproj", "{ED26910F-0286-4305-27E4-B4A688B0F160}"
EndProject
Global
	GlobalSection(SolutionConfigurationPlatforms) = preSolution
		Debug|Any CPU = Debug|Any CPU
		Release|Any CPU = Release|Any CPU
	EndGlobalSection
	GlobalSection(ProjectConfigurationPlatforms) = postSolution
		{ED26910F-0286-4305-27E4-B4A688B0F160}.Debug|Any CPU.ActiveCfg = Debug|Any CPU
		{ED26910F-0286-4305-27E4-B4A688B0F160}.Debug|Any CPU.Build.0 = Debug|Any CPU
		{ED26910F-0286-4305-27E4-B4A688B0F160}.Release|Any CPU.ActiveCfg = Release|Any CPU
		{ED26910F-0286-4305-27E4-B4A688B0F160}.Release|Any CPU.Build.0 = Release|Any CPU
	EndGlobalSection
	GlobalSection(SolutionProperties) = preSolution
		HideSolutionNode = FALSE
	EndGlobalSection
	GlobalSection(MonoDevelopProperties) = preSolution
		StartupItem = Assembly-CSharp.csproj
	EndGlobalSection
EndGlobal
